
Microsoft Visual Studio Solution File, Format Version 12.00
# Visual Studio Version 17
VisualStudioVersion = 17.6.33801.468
MinimumVisualStudioVersion = 10.0.40219.1
Project("{9A19103F-16F7-4668-BE54-9A1E7A4F7556}") = "CountryFunction", "CountryFunction.csproj", "{2DEF52B4-FEB5-41E0-8D47-AB305294034A}"
EndProject
Project("{9A19103F-16F7-4668-BE54-9A1E7A4F7556}") = "CountryFunction.Domain", "..\CountryFunction.Domain\CountryFunction.Domain.csproj", "{08BA917B-1E4E-47CE-9715-ECC1B92C8122}"
EndProject
Project("{9A19103F-16F7-4668-BE54-9A1E7A4F7556}") = "CountryFunction.DataAccess", "..\CountryFunction.DataAccess\CountryFunction.DataAccess.csproj", "{AB406DC0-2C0F-4AED-8A28-888C518B8DAC}"
EndProject
Project("{9A19103F-16F7-4668-BE54-9A1E7A4F7556}") = "CountryFunction.API", "..\CountryFunction.API\CountryFunction.API.csproj", "{F3C0108A-B851-499D-98E7-BCCF45CF4637}"
EndProject
Global
	GlobalSection(SolutionConfigurationPlatforms) = preSolution
		Debug|Any CPU = Debug|Any CPU
		Release|Any CPU = Release|Any CPU
	EndGlobalSection
	GlobalSection(ProjectConfigurationPlatforms) = postSolution
		{2DEF52B4-FEB5-41E0-8D47-AB305294034A}.Debug|Any CPU.ActiveCfg = Debug|Any CPU
		{2DEF52B4-FEB5-41E0-8D47-AB305294034A}.Debug|Any CPU.Build.0 = Debug|Any CPU
		{2DEF52B4-FEB5-41E0-8D47-AB305294034A}.Release|Any CPU.ActiveCfg = Release|Any CPU
		{2DEF52B4-FEB5-41E0-8D47-AB305294034A}.Release|Any CPU.Build.0 = Release|Any CPU
		{08BA917B-1E4E-47CE-9715-ECC1B92C8122}.Debug|Any CPU.ActiveCfg = Debug|Any CPU
		{08BA917B-1E4E-47CE-9715-ECC1B92C8122}.Debug|Any CPU.Build.0 = Debug|Any CPU
		{08BA917B-1E4E-47CE-9715-ECC1B92C8122}.Release|Any CPU.ActiveCfg = Release|Any CPU
		{08BA917B-1E4E-47CE-9715-ECC1B92C8122}.Release|Any CPU.Build.0 = Release|Any CPU
		{AB406DC0-2C0F-4AED-8A28-888C518B8DAC}.Debug|Any CPU.ActiveCfg = Debug|Any CPU
		{AB406DC0-2C0F-4AED-8A28-888C518B8DAC}.Debug|Any CPU.Build.0 = Debug|Any CPU
		{AB406DC0-2C0F-4AED-8A28-888C518B8DAC}.Release|Any CPU.ActiveCfg = Release|Any CPU
		{AB406DC0-2C0F-4AED-8A28-888C518B8DAC}.Release|Any CPU.Build.0 = Release|Any CPU
		{F3C0108A-B851-499D-98E7-BCCF45CF4637}.Debug|Any CPU.ActiveCfg = Debug|Any CPU
		{F3C0108A-B851-499D-98E7-BCCF45CF4637}.Debug|Any CPU.Build.0 = Debug|Any CPU
		{F3C0108A-B851-499D-98E7-BCCF45CF4637}.Release|Any CPU.ActiveCfg = Release|Any CPU
		{F3C0108A-B851-499D-98E7-BCCF45CF4637}.Release|Any CPU.Build.0 = Release|Any CPU
	EndGlobalSection
	GlobalSection(SolutionProperties) = preSolution
		HideSolutionNode = FALSE
	EndGlobalSection
	GlobalSection(ExtensibilityGlobals) = postSolution
		SolutionGuid = {FEA77488-3E24-4E81-9FD2-B4B26D384F83}
	EndGlobalSection
EndGlobal
